
Microsoft Visual Studio Solution File, Format Version 12.00
# Visual Studio Version 17
VisualStudioVersion = 17.13.35931.197 d17.13
MinimumVisualStudioVersion = 10.0.40219.1
Project("{FAE04EC0-301F-11D3-BF4B-00C04F79EFBC}") = "Lektion20250506", "Lektion20250506\Lektion20250506.csproj", "{80BD01F6-3B47-4363-AE91-54EBC3D6E44C}"
EndProject
Project("{FAE04EC0-301F-11D3-BF4B-00C04F79EFBC}") = "TestProject1", "TestProject1\TestProject1.csproj", "{D2281DFE-6D36-4A80-B078-1EC406F50FC2}"
EndProject
Global
	GlobalSection(SolutionConfigurationPlatforms) = preSolution
		Debug|Any CPU = Debug|Any CPU
		Release|Any CPU = Release|Any CPU
	EndGlobalSection
	GlobalSection(ProjectConfigurationPlatforms) = postSolution
		{80BD01F6-3B47-4363-AE91-54EBC3D6E44C}.Debug|Any CPU.ActiveCfg = Debug|Any CPU
		{80BD01F6-3B47-4363-AE91-54EBC3D6E44C}.Debug|Any CPU.Build.0 = Debug|Any CPU
		{80BD01F6-3B47-4363-AE91-54EBC3D6E44C}.Release|Any CPU.ActiveCfg = Release|Any CPU
		{80BD01F6-3B47-4363-AE91-54EBC3D6E44C}.Release|Any CPU.Build.0 = Release|Any CPU
		{D2281DFE-6D36-4A80-B078-1EC406F50FC2}.Debug|Any CPU.ActiveCfg = Debug|Any CPU
		{D2281DFE-6D36-4A80-B078-1EC406F50FC2}.Debug|Any CPU.Build.0 = Debug|Any CPU
		{D2281DFE-6D36-4A80-B078-1EC406F50FC2}.Release|Any CPU.ActiveCfg = Release|Any CPU
		{D2281DFE-6D36-4A80-B078-1EC406F50FC2}.Release|Any CPU.Build.0 = Release|Any CPU
	EndGlobalSection
	GlobalSection(SolutionProperties) = preSolution
		HideSolutionNode = FALSE
	EndGlobalSection
	GlobalSection(ExtensibilityGlobals) = postSolution
		SolutionGuid = {CF374563-5410-4008-AAAB-5C08B77C2978}
	EndGlobalSection
EndGlobal
